// !$*UTF8*$!
{
	archiveVersion = 1;
	classes = {
	};
	objectVersion = 51;
	objects = {

/* Begin PBXBuildFile section */
		7C826ADF7D26BDCEA99B5EB1 /* Pods_FirebaseLEDTests.framework in Frameworks */ = {isa = PBXBuildFile; fileRef = BCFB2BE244C2965EDA5D2A97 /* Pods_FirebaseLEDTests.framework */; };
		857150D025360A1F00C2B128 /* IntentHandler.swift in Sources */ = {isa = PBXBuildFile; fileRef = 857150CF25360A1F00C2B128 /* IntentHandler.swift */; };
		857150D825360A1F00C2B128 /* IntentsUI.framework in Frameworks */ = {isa = PBXBuildFile; fileRef = 857150D725360A1F00C2B128 /* IntentsUI.framework */; };
		857150DB25360A1F00C2B128 /* IntentViewController.swift in Sources */ = {isa = PBXBuildFile; fileRef = 857150DA25360A1F00C2B128 /* IntentViewController.swift */; };
		857150DE25360A1F00C2B128 /* MainInterface.storyboard in Resources */ = {isa = PBXBuildFile; fileRef = 857150DC25360A1F00C2B128 /* MainInterface.storyboard */; };
		857150E225360A1F00C2B128 /* LightIntentUI.appex in Embed App Extensions */ = {isa = PBXBuildFile; fileRef = 857150D625360A1F00C2B128 /* LightIntentUI.appex */; settings = {ATTRIBUTES = (RemoveHeadersOnCopy, ); }; };
		857150E525360A1F00C2B128 /* LightIntent.appex in Embed App Extensions */ = {isa = PBXBuildFile; fileRef = 857150CD25360A1F00C2B128 /* LightIntent.appex */; settings = {ATTRIBUTES = (RemoveHeadersOnCopy, ); }; };
		857150F025360ACB00C2B128 /* IntentDef.intentdefinition in Sources */ = {isa = PBXBuildFile; fileRef = 857150EF25360ACB00C2B128 /* IntentDef.intentdefinition */; };
		857150F125360CC900C2B128 /* IntentDef.intentdefinition in Sources */ = {isa = PBXBuildFile; fileRef = 857150EF25360ACB00C2B128 /* IntentDef.intentdefinition */; };
		857150F225360CC900C2B128 /* IntentDef.intentdefinition in Sources */ = {isa = PBXBuildFile; fileRef = 857150EF25360ACB00C2B128 /* IntentDef.intentdefinition */; };
		857150F425360FE100C2B128 /* LightSwitchIntentHandler.swift in Sources */ = {isa = PBXBuildFile; fileRef = 857150F325360FE100C2B128 /* LightSwitchIntentHandler.swift */; };
		857150F5253611DC00C2B128 /* Status.swift in Sources */ = {isa = PBXBuildFile; fileRef = 8580494024DBCAFB008CDD7C /* Status.swift */; };
		857150F6253611DD00C2B128 /* Status.swift in Sources */ = {isa = PBXBuildFile; fileRef = 8580494024DBCAFB008CDD7C /* Status.swift */; };
		857150F7253611FB00C2B128 /* ViewController.swift in Sources */ = {isa = PBXBuildFile; fileRef = 8580491424C9EA8A008CDD7C /* ViewController.swift */; };
		857150F8253611FC00C2B128 /* ViewController.swift in Sources */ = {isa = PBXBuildFile; fileRef = 8580491424C9EA8A008CDD7C /* ViewController.swift */; };
		857DDDCA2548DFBA009927AF /* ViewControllers.swift in Sources */ = {isa = PBXBuildFile; fileRef = 857DDDC92548DFBA009927AF /* ViewControllers.swift */; };
		8580491124C9EA8A008CDD7C /* AppDelegate.swift in Sources */ = {isa = PBXBuildFile; fileRef = 8580491024C9EA8A008CDD7C /* AppDelegate.swift */; };
		8580491324C9EA8A008CDD7C /* SceneDelegate.swift in Sources */ = {isa = PBXBuildFile; fileRef = 8580491224C9EA8A008CDD7C /* SceneDelegate.swift */; };
		8580491524C9EA8A008CDD7C /* ViewController.swift in Sources */ = {isa = PBXBuildFile; fileRef = 8580491424C9EA8A008CDD7C /* ViewController.swift */; };
		8580491824C9EA8A008CDD7C /* Main.storyboard in Resources */ = {isa = PBXBuildFile; fileRef = 8580491624C9EA8A008CDD7C /* Main.storyboard */; };
		8580491B24C9EA8A008CDD7C /* FirebaseLED.xcdatamodeld in Sources */ = {isa = PBXBuildFile; fileRef = 8580491924C9EA8A008CDD7C /* FirebaseLED.xcdatamodeld */; };
		8580491D24C9EA92008CDD7C /* Assets.xcassets in Resources */ = {isa = PBXBuildFile; fileRef = 8580491C24C9EA92008CDD7C /* Assets.xcassets */; };
		8580492024C9EA92008CDD7C /* LaunchScreen.storyboard in Resources */ = {isa = PBXBuildFile; fileRef = 8580491E24C9EA92008CDD7C /* LaunchScreen.storyboard */; };
		8580492B24C9EA92008CDD7C /* FirebaseLEDTests.swift in Sources */ = {isa = PBXBuildFile; fileRef = 8580492A24C9EA92008CDD7C /* FirebaseLEDTests.swift */; };
		8580493824C9F23B008CDD7C /* Secrets.swift in Sources */ = {isa = PBXBuildFile; fileRef = 8580493724C9F23B008CDD7C /* Secrets.swift */; };
		8580493C24DBC0ED008CDD7C /* GoogleService-Info.plist in Resources */ = {isa = PBXBuildFile; fileRef = 8580493B24DBC0ED008CDD7C /* GoogleService-Info.plist */; };
		8580494124DBCAFB008CDD7C /* Status.swift in Sources */ = {isa = PBXBuildFile; fileRef = 8580494024DBCAFB008CDD7C /* Status.swift */; };
		85A9A8C024DC423400419402 /* FirebaseDatabaseService.swift in Sources */ = {isa = PBXBuildFile; fileRef = 85A9A8BF24DC423400419402 /* FirebaseDatabaseService.swift */; };
		AFEBF7BE2960C74906E91A3F /* Pods_FirebaseLED.framework in Frameworks */ = {isa = PBXBuildFile; fileRef = 7CC83EB6FC5169365BCFEB41 /* Pods_FirebaseLED.framework */; };
/* End PBXBuildFile section */

/* Begin PBXContainerItemProxy section */
		857150E025360A1F00C2B128 /* PBXContainerItemProxy */ = {
			isa = PBXContainerItemProxy;
			containerPortal = 8580490524C9EA8A008CDD7C /* Project object */;
			proxyType = 1;
			remoteGlobalIDString = 857150D525360A1F00C2B128;
			remoteInfo = LightIntentUI;
		};
		857150E325360A1F00C2B128 /* PBXContainerItemProxy */ = {
			isa = PBXContainerItemProxy;
			containerPortal = 8580490524C9EA8A008CDD7C /* Project object */;
			proxyType = 1;
			remoteGlobalIDString = 857150CC25360A1F00C2B128;
			remoteInfo = LightIntent;
		};
		8580492724C9EA92008CDD7C /* PBXContainerItemProxy */ = {
			isa = PBXContainerItemProxy;
			containerPortal = 8580490524C9EA8A008CDD7C /* Project object */;
			proxyType = 1;
			remoteGlobalIDString = 8580490C24C9EA8A008CDD7C;
			remoteInfo = FirebaseLED;
		};
/* End PBXContainerItemProxy section */

/* Begin PBXCopyFilesBuildPhase section */
		857150EC25360A1F00C2B128 /* Embed App Extensions */ = {
			isa = PBXCopyFilesBuildPhase;
			buildActionMask = 2147483647;
			dstPath = "";
			dstSubfolderSpec = 13;
			files = (
				857150E225360A1F00C2B128 /* LightIntentUI.appex in Embed App Extensions */,
				857150E525360A1F00C2B128 /* LightIntent.appex in Embed App Extensions */,
			);
			name = "Embed App Extensions";
			runOnlyForDeploymentPostprocessing = 0;
		};
/* End PBXCopyFilesBuildPhase section */

/* Begin PBXFileReference section */
		05912F95954092F0C8122C82 /* Pods-FirebaseLED.debug.xcconfig */ = {isa = PBXFileReference; includeInIndex = 1; lastKnownFileType = text.xcconfig; name = "Pods-FirebaseLED.debug.xcconfig"; path = "Target Support Files/Pods-FirebaseLED/Pods-FirebaseLED.debug.xcconfig"; sourceTree = "<group>"; };
		0F56088436FBF0EDDF73C489 /* Pods-FirebaseLED.release.xcconfig */ = {isa = PBXFileReference; includeInIndex = 1; lastKnownFileType = text.xcconfig; name = "Pods-FirebaseLED.release.xcconfig"; path = "Target Support Files/Pods-FirebaseLED/Pods-FirebaseLED.release.xcconfig"; sourceTree = "<group>"; };
		31D43AE298B035279832F4D9 /* Pods-FirebaseLEDTests.release.xcconfig */ = {isa = PBXFileReference; includeInIndex = 1; lastKnownFileType = text.xcconfig; name = "Pods-FirebaseLEDTests.release.xcconfig"; path = "Target Support Files/Pods-FirebaseLEDTests/Pods-FirebaseLEDTests.release.xcconfig"; sourceTree = "<group>"; };
		7CC83EB6FC5169365BCFEB41 /* Pods_FirebaseLED.framework */ = {isa = PBXFileReference; explicitFileType = wrapper.framework; includeInIndex = 0; path = Pods_FirebaseLED.framework; sourceTree = BUILT_PRODUCTS_DIR; };
		857150C62535FC8300C2B128 /* FirebaseLED.entitlements */ = {isa = PBXFileReference; lastKnownFileType = text.plist.entitlements; path = FirebaseLED.entitlements; sourceTree = "<group>"; };
		857150CD25360A1F00C2B128 /* LightIntent.appex */ = {isa = PBXFileReference; explicitFileType = "wrapper.app-extension"; includeInIndex = 0; path = LightIntent.appex; sourceTree = BUILT_PRODUCTS_DIR; };
		857150CF25360A1F00C2B128 /* IntentHandler.swift */ = {isa = PBXFileReference; lastKnownFileType = sourcecode.swift; path = IntentHandler.swift; sourceTree = "<group>"; };
		857150D125360A1F00C2B128 /* Info.plist */ = {isa = PBXFileReference; lastKnownFileType = text.plist.xml; path = Info.plist; sourceTree = "<group>"; };
		857150D625360A1F00C2B128 /* LightIntentUI.appex */ = {isa = PBXFileReference; explicitFileType = "wrapper.app-extension"; includeInIndex = 0; path = LightIntentUI.appex; sourceTree = BUILT_PRODUCTS_DIR; };
		857150D725360A1F00C2B128 /* IntentsUI.framework */ = {isa = PBXFileReference; lastKnownFileType = wrapper.framework; name = IntentsUI.framework; path = System/Library/Frameworks/IntentsUI.framework; sourceTree = SDKROOT; };
		857150DA25360A1F00C2B128 /* IntentViewController.swift */ = {isa = PBXFileReference; lastKnownFileType = sourcecode.swift; path = IntentViewController.swift; sourceTree = "<group>"; };
		857150DD25360A1F00C2B128 /* Base */ = {isa = PBXFileReference; lastKnownFileType = file.storyboard; name = Base; path = Base.lproj/MainInterface.storyboard; sourceTree = "<group>"; };
		857150DF25360A1F00C2B128 /* Info.plist */ = {isa = PBXFileReference; lastKnownFileType = text.plist.xml; path = Info.plist; sourceTree = "<group>"; };
		857150EF25360ACB00C2B128 /* IntentDef.intentdefinition */ = {isa = PBXFileReference; lastKnownFileType = file.intentdefinition; path = IntentDef.intentdefinition; sourceTree = "<group>"; };
		857150F325360FE100C2B128 /* LightSwitchIntentHandler.swift */ = {isa = PBXFileReference; lastKnownFileType = sourcecode.swift; path = LightSwitchIntentHandler.swift; sourceTree = "<group>"; };
		857DDDC82548DB65009927AF /* LightIntentUI.xctestplan */ = {isa = PBXFileReference; lastKnownFileType = text; path = LightIntentUI.xctestplan; sourceTree = "<group>"; };
		857DDDC92548DFBA009927AF /* ViewControllers.swift */ = {isa = PBXFileReference; lastKnownFileType = sourcecode.swift; path = ViewControllers.swift; sourceTree = "<group>"; };
		8580490D24C9EA8A008CDD7C /* FirebaseLED.app */ = {isa = PBXFileReference; explicitFileType = wrapper.application; includeInIndex = 0; path = FirebaseLED.app; sourceTree = BUILT_PRODUCTS_DIR; };
		8580491024C9EA8A008CDD7C /* AppDelegate.swift */ = {isa = PBXFileReference; lastKnownFileType = sourcecode.swift; path = AppDelegate.swift; sourceTree = "<group>"; };
		8580491224C9EA8A008CDD7C /* SceneDelegate.swift */ = {isa = PBXFileReference; lastKnownFileType = sourcecode.swift; path = SceneDelegate.swift; sourceTree = "<group>"; };
		8580491424C9EA8A008CDD7C /* ViewController.swift */ = {isa = PBXFileReference; lastKnownFileType = sourcecode.swift; path = ViewController.swift; sourceTree = "<group>"; };
		8580491724C9EA8A008CDD7C /* Base */ = {isa = PBXFileReference; lastKnownFileType = file.storyboard; name = Base; path = Base.lproj/Main.storyboard; sourceTree = "<group>"; };
		8580491A24C9EA8A008CDD7C /* FirebaseLED.xcdatamodel */ = {isa = PBXFileReference; lastKnownFileType = wrapper.xcdatamodel; path = FirebaseLED.xcdatamodel; sourceTree = "<group>"; };
		8580491C24C9EA92008CDD7C /* Assets.xcassets */ = {isa = PBXFileReference; lastKnownFileType = folder.assetcatalog; path = Assets.xcassets; sourceTree = "<group>"; };
		8580491F24C9EA92008CDD7C /* Base */ = {isa = PBXFileReference; lastKnownFileType = file.storyboard; name = Base; path = Base.lproj/LaunchScreen.storyboard; sourceTree = "<group>"; };
		8580492124C9EA92008CDD7C /* Info.plist */ = {isa = PBXFileReference; lastKnownFileType = text.plist.xml; path = Info.plist; sourceTree = "<group>"; };
		8580492624C9EA92008CDD7C /* FirebaseLEDTests.xctest */ = {isa = PBXFileReference; explicitFileType = wrapper.cfbundle; includeInIndex = 0; path = FirebaseLEDTests.xctest; sourceTree = BUILT_PRODUCTS_DIR; };
		8580492A24C9EA92008CDD7C /* FirebaseLEDTests.swift */ = {isa = PBXFileReference; lastKnownFileType = sourcecode.swift; path = FirebaseLEDTests.swift; sourceTree = "<group>"; };
		8580492C24C9EA92008CDD7C /* Info.plist */ = {isa = PBXFileReference; lastKnownFileType = text.plist.xml; path = Info.plist; sourceTree = "<group>"; };
		8580493724C9F23B008CDD7C /* Secrets.swift */ = {isa = PBXFileReference; lastKnownFileType = sourcecode.swift; name = Secrets.swift; path = ../Secrets.swift; sourceTree = "<group>"; };
		8580493B24DBC0ED008CDD7C /* GoogleService-Info.plist */ = {isa = PBXFileReference; fileEncoding = 4; lastKnownFileType = text.plist.xml; name = "GoogleService-Info.plist"; path = "../../../../Downloads/GoogleService-Info.plist"; sourceTree = "<group>"; };
		8580494024DBCAFB008CDD7C /* Status.swift */ = {isa = PBXFileReference; lastKnownFileType = sourcecode.swift; path = Status.swift; sourceTree = "<group>"; };
		85A9A8BF24DC423400419402 /* FirebaseDatabaseService.swift */ = {isa = PBXFileReference; lastKnownFileType = sourcecode.swift; path = FirebaseDatabaseService.swift; sourceTree = "<group>"; };
		8DFCA57D5207F00F9F983817 /* Pods-FirebaseLEDTests.debug.xcconfig */ = {isa = PBXFileReference; includeInIndex = 1; lastKnownFileType = text.xcconfig; name = "Pods-FirebaseLEDTests.debug.xcconfig"; path = "Target Support Files/Pods-FirebaseLEDTests/Pods-FirebaseLEDTests.debug.xcconfig"; sourceTree = "<group>"; };
		BCFB2BE244C2965EDA5D2A97 /* Pods_FirebaseLEDTests.framework */ = {isa = PBXFileReference; explicitFileType = wrapper.framework; includeInIndex = 0; path = Pods_FirebaseLEDTests.framework; sourceTree = BUILT_PRODUCTS_DIR; };
/* End PBXFileReference section */

/* Begin PBXFrameworksBuildPhase section */
		857150CA25360A1F00C2B128 /* Frameworks */ = {
			isa = PBXFrameworksBuildPhase;
			buildActionMask = 2147483647;
			files = (
			);
			runOnlyForDeploymentPostprocessing = 0;
		};
		857150D325360A1F00C2B128 /* Frameworks */ = {
			isa = PBXFrameworksBuildPhase;
			buildActionMask = 2147483647;
			files = (
				857150D825360A1F00C2B128 /* IntentsUI.framework in Frameworks */,
			);
			runOnlyForDeploymentPostprocessing = 0;
		};
		8580490A24C9EA8A008CDD7C /* Frameworks */ = {
			isa = PBXFrameworksBuildPhase;
			buildActionMask = 2147483647;
			files = (
				AFEBF7BE2960C74906E91A3F /* Pods_FirebaseLED.framework in Frameworks */,
			);
			runOnlyForDeploymentPostprocessing = 0;
		};
		8580492324C9EA92008CDD7C /* Frameworks */ = {
			isa = PBXFrameworksBuildPhase;
			buildActionMask = 2147483647;
			files = (
				7C826ADF7D26BDCEA99B5EB1 /* Pods_FirebaseLEDTests.framework in Frameworks */,
			);
			runOnlyForDeploymentPostprocessing = 0;
		};
/* End PBXFrameworksBuildPhase section */

/* Begin PBXGroup section */
		2F2EB49F262EC967B22D8368 /* Pods */ = {
			isa = PBXGroup;
			children = (
				05912F95954092F0C8122C82 /* Pods-FirebaseLED.debug.xcconfig */,
				0F56088436FBF0EDDF73C489 /* Pods-FirebaseLED.release.xcconfig */,
				8DFCA57D5207F00F9F983817 /* Pods-FirebaseLEDTests.debug.xcconfig */,
				31D43AE298B035279832F4D9 /* Pods-FirebaseLEDTests.release.xcconfig */,
			);
			path = Pods;
			sourceTree = "<group>";
		};
		8548DA9E24DC662400B88841 /* Supporting Files */ = {
			isa = PBXGroup;
			children = (
				8580493724C9F23B008CDD7C /* Secrets.swift */,
				8580491024C9EA8A008CDD7C /* AppDelegate.swift */,
				8580491224C9EA8A008CDD7C /* SceneDelegate.swift */,
				8580491624C9EA8A008CDD7C /* Main.storyboard */,
				8580491C24C9EA92008CDD7C /* Assets.xcassets */,
				8580491E24C9EA92008CDD7C /* LaunchScreen.storyboard */,
			);
			path = "Supporting Files";
			sourceTree = "<group>";
		};
		857150CE25360A1F00C2B128 /* LightIntent */ = {
			isa = PBXGroup;
			children = (
				857150CF25360A1F00C2B128 /* IntentHandler.swift */,
				857150D125360A1F00C2B128 /* Info.plist */,
			);
			path = LightIntent;
			sourceTree = "<group>";
		};
		857150D925360A1F00C2B128 /* LightIntentUI */ = {
			isa = PBXGroup;
			children = (
				857150DA25360A1F00C2B128 /* IntentViewController.swift */,
				857150DC25360A1F00C2B128 /* MainInterface.storyboard */,
				857150DF25360A1F00C2B128 /* Info.plist */,
			);
			path = LightIntentUI;
			sourceTree = "<group>";
		};
		8580490424C9EA8A008CDD7C = {
			isa = PBXGroup;
			children = (
				8580490F24C9EA8A008CDD7C /* FirebaseLED */,
				8580492924C9EA92008CDD7C /* FirebaseLEDTests */,
				857150CE25360A1F00C2B128 /* LightIntent */,
				857150D925360A1F00C2B128 /* LightIntentUI */,
				8580490E24C9EA8A008CDD7C /* Products */,
				2F2EB49F262EC967B22D8368 /* Pods */,
				DA643A9A625CC0662F26BAAC /* Frameworks */,
			);
			sourceTree = "<group>";
		};
		8580490E24C9EA8A008CDD7C /* Products */ = {
			isa = PBXGroup;
			children = (
				8580490D24C9EA8A008CDD7C /* FirebaseLED.app */,
				8580492624C9EA92008CDD7C /* FirebaseLEDTests.xctest */,
				857150CD25360A1F00C2B128 /* LightIntent.appex */,
				857150D625360A1F00C2B128 /* LightIntentUI.appex */,
			);
			name = Products;
			sourceTree = "<group>";
		};
		8580490F24C9EA8A008CDD7C /* FirebaseLED */ = {
			isa = PBXGroup;
			children = (
				857150C62535FC8300C2B128 /* FirebaseLED.entitlements */,
				8580494224DBCB02008CDD7C /* Model */,
				8580493D24DBC5CC008CDD7C /* FirebaseManager */,
				8580491424C9EA8A008CDD7C /* ViewController.swift */,
				857DDDC92548DFBA009927AF /* ViewControllers.swift */,
				8580492124C9EA92008CDD7C /* Info.plist */,
				8580493B24DBC0ED008CDD7C /* GoogleService-Info.plist */,
				8580491924C9EA8A008CDD7C /* FirebaseLED.xcdatamodeld */,
				8548DA9E24DC662400B88841 /* Supporting Files */,
			);
			path = FirebaseLED;
			sourceTree = "<group>";
		};
		8580492924C9EA92008CDD7C /* FirebaseLEDTests */ = {
			isa = PBXGroup;
			children = (
				8580492A24C9EA92008CDD7C /* FirebaseLEDTests.swift */,
				857DDDC82548DB65009927AF /* LightIntentUI.xctestplan */,
				8580492C24C9EA92008CDD7C /* Info.plist */,
			);
			path = FirebaseLEDTests;
			sourceTree = "<group>";
		};
		8580493D24DBC5CC008CDD7C /* FirebaseManager */ = {
			isa = PBXGroup;
			children = (
				85A9A8BF24DC423400419402 /* FirebaseDatabaseService.swift */,
			);
			path = FirebaseManager;
			sourceTree = "<group>";
		};
		8580494224DBCB02008CDD7C /* Model */ = {
			isa = PBXGroup;
			children = (
				8580494024DBCAFB008CDD7C /* Status.swift */,
				857150F325360FE100C2B128 /* LightSwitchIntentHandler.swift */,
				857150EF25360ACB00C2B128 /* IntentDef.intentdefinition */,
			);
			path = Model;
			sourceTree = "<group>";
		};
		DA643A9A625CC0662F26BAAC /* Frameworks */ = {
			isa = PBXGroup;
			children = (
				7CC83EB6FC5169365BCFEB41 /* Pods_FirebaseLED.framework */,
				BCFB2BE244C2965EDA5D2A97 /* Pods_FirebaseLEDTests.framework */,
				857150D725360A1F00C2B128 /* IntentsUI.framework */,
			);
			name = Frameworks;
			sourceTree = "<group>";
		};
/* End PBXGroup section */

/* Begin PBXNativeTarget section */
		857150CC25360A1F00C2B128 /* LightIntent */ = {
			isa = PBXNativeTarget;
			buildConfigurationList = 857150E925360A1F00C2B128 /* Build configuration list for PBXNativeTarget "LightIntent" */;
			buildPhases = (
				857150C925360A1F00C2B128 /* Sources */,
				857150CA25360A1F00C2B128 /* Frameworks */,
				857150CB25360A1F00C2B128 /* Resources */,
			);
			buildRules = (
			);
			dependencies = (
			);
			name = LightIntent;
			productName = LightIntent;
			productReference = 857150CD25360A1F00C2B128 /* LightIntent.appex */;
			productType = "com.apple.product-type.app-extension";
		};
		857150D525360A1F00C2B128 /* LightIntentUI */ = {
			isa = PBXNativeTarget;
			buildConfigurationList = 857150E625360A1F00C2B128 /* Build configuration list for PBXNativeTarget "LightIntentUI" */;
			buildPhases = (
				857150D225360A1F00C2B128 /* Sources */,
				857150D325360A1F00C2B128 /* Frameworks */,
				857150D425360A1F00C2B128 /* Resources */,
			);
			buildRules = (
			);
			dependencies = (
			);
			name = LightIntentUI;
			productName = LightIntentUI;
			productReference = 857150D625360A1F00C2B128 /* LightIntentUI.appex */;
			productType = "com.apple.product-type.app-extension";
		};
		8580490C24C9EA8A008CDD7C /* FirebaseLED */ = {
			isa = PBXNativeTarget;
			buildConfigurationList = 8580492F24C9EA92008CDD7C /* Build configuration list for PBXNativeTarget "FirebaseLED" */;
			buildPhases = (
				7EE2EAB1BE74DCB762C62F78 /* [CP] Check Pods Manifest.lock */,
				8580490924C9EA8A008CDD7C /* Sources */,
				8580490A24C9EA8A008CDD7C /* Frameworks */,
				8580490B24C9EA8A008CDD7C /* Resources */,
				FC7B355BAAADFEA9F90C606E /* [CP] Embed Pods Frameworks */,
				857150EC25360A1F00C2B128 /* Embed App Extensions */,
			);
			buildRules = (
			);
			dependencies = (
				857150E125360A1F00C2B128 /* PBXTargetDependency */,
				857150E425360A1F00C2B128 /* PBXTargetDependency */,
			);
			name = FirebaseLED;
			productName = FirebaseLED;
			productReference = 8580490D24C9EA8A008CDD7C /* FirebaseLED.app */;
			productType = "com.apple.product-type.application";
		};
		8580492524C9EA92008CDD7C /* FirebaseLEDTests */ = {
			isa = PBXNativeTarget;
			buildConfigurationList = 8580493224C9EA92008CDD7C /* Build configuration list for PBXNativeTarget "FirebaseLEDTests" */;
			buildPhases = (
				40D11A09D61BB0427CA73494 /* [CP] Check Pods Manifest.lock */,
				8580492224C9EA92008CDD7C /* Sources */,
				8580492324C9EA92008CDD7C /* Frameworks */,
				8580492424C9EA92008CDD7C /* Resources */,
			);
			buildRules = (
			);
			dependencies = (
				8580492824C9EA92008CDD7C /* PBXTargetDependency */,
			);
			name = FirebaseLEDTests;
			productName = FirebaseLEDTests;
			productReference = 8580492624C9EA92008CDD7C /* FirebaseLEDTests.xctest */;
			productType = "com.apple.product-type.bundle.unit-test";
		};
/* End PBXNativeTarget section */

/* Begin PBXProject section */
		8580490524C9EA8A008CDD7C /* Project object */ = {
			isa = PBXProject;
			attributes = {
				LastSwiftUpdateCheck = 1130;
				LastUpgradeCheck = 1130;
				ORGANIZATIONNAME = EricM;
				TargetAttributes = {
					857150CC25360A1F00C2B128 = {
						CreatedOnToolsVersion = 11.3.1;
					};
					857150D525360A1F00C2B128 = {
						CreatedOnToolsVersion = 11.3.1;
					};
					8580490C24C9EA8A008CDD7C = {
						CreatedOnToolsVersion = 11.3.1;
					};
					8580492524C9EA92008CDD7C = {
						CreatedOnToolsVersion = 11.3.1;
						TestTargetID = 8580490C24C9EA8A008CDD7C;
					};
				};
			};
			buildConfigurationList = 8580490824C9EA8A008CDD7C /* Build configuration list for PBXProject "FirebaseLED" */;
			compatibilityVersion = "Xcode 9.3";
			developmentRegion = en;
			hasScannedForEncodings = 0;
			knownRegions = (
				en,
				Base,
			);
			mainGroup = 8580490424C9EA8A008CDD7C;
			productRefGroup = 8580490E24C9EA8A008CDD7C /* Products */;
			projectDirPath = "";
			projectRoot = "";
			targets = (
				8580490C24C9EA8A008CDD7C /* FirebaseLED */,
				8580492524C9EA92008CDD7C /* FirebaseLEDTests */,
				857150CC25360A1F00C2B128 /* LightIntent */,
				857150D525360A1F00C2B128 /* LightIntentUI */,
			);
		};
/* End PBXProject section */

/* Begin PBXResourcesBuildPhase section */
		857150CB25360A1F00C2B128 /* Resources */ = {
			isa = PBXResourcesBuildPhase;
			buildActionMask = 2147483647;
			files = (
			);
			runOnlyForDeploymentPostprocessing = 0;
		};
		857150D425360A1F00C2B128 /* Resources */ = {
			isa = PBXResourcesBuildPhase;
			buildActionMask = 2147483647;
			files = (
				857150DE25360A1F00C2B128 /* MainInterface.storyboard in Resources */,
			);
			runOnlyForDeploymentPostprocessing = 0;
		};
		8580490B24C9EA8A008CDD7C /* Resources */ = {
			isa = PBXResourcesBuildPhase;
			buildActionMask = 2147483647;
			files = (
				8580492024C9EA92008CDD7C /* LaunchScreen.storyboard in Resources */,
				8580493C24DBC0ED008CDD7C /* GoogleService-Info.plist in Resources */,
				8580491D24C9EA92008CDD7C /* Assets.xcassets in Resources */,
				8580491824C9EA8A008CDD7C /* Main.storyboard in Resources */,
			);
			runOnlyForDeploymentPostprocessing = 0;
		};
		8580492424C9EA92008CDD7C /* Resources */ = {
			isa = PBXResourcesBuildPhase;
			buildActionMask = 2147483647;
			files = (
			);
			runOnlyForDeploymentPostprocessing = 0;
		};
/* End PBXResourcesBuildPhase section */

/* Begin PBXShellScriptBuildPhase section */
		40D11A09D61BB0427CA73494 /* [CP] Check Pods Manifest.lock */ = {
			isa = PBXShellScriptBuildPhase;
			buildActionMask = 2147483647;
			files = (
			);
			inputFileListPaths = (
			);
			inputPaths = (
				"${PODS_PODFILE_DIR_PATH}/Podfile.lock",
				"${PODS_ROOT}/Manifest.lock",
			);
			name = "[CP] Check Pods Manifest.lock";
			outputFileListPaths = (
			);
			outputPaths = (
				"$(DERIVED_FILE_DIR)/Pods-FirebaseLEDTests-checkManifestLockResult.txt",
			);
			runOnlyForDeploymentPostprocessing = 0;
			shellPath = /bin/sh;
			shellScript = "diff \"${PODS_PODFILE_DIR_PATH}/Podfile.lock\" \"${PODS_ROOT}/Manifest.lock\" > /dev/null\nif [ $? != 0 ] ; then\n    # print error to STDERR\n    echo \"error: The sandbox is not in sync with the Podfile.lock. Run 'pod install' or update your CocoaPods installation.\" >&2\n    exit 1\nfi\n# This output is used by Xcode 'outputs' to avoid re-running this script phase.\necho \"SUCCESS\" > \"${SCRIPT_OUTPUT_FILE_0}\"\n";
			showEnvVarsInLog = 0;
		};
		7EE2EAB1BE74DCB762C62F78 /* [CP] Check Pods Manifest.lock */ = {
			isa = PBXShellScriptBuildPhase;
			buildActionMask = 2147483647;
			files = (
			);
			inputFileListPaths = (
			);
			inputPaths = (
				"${PODS_PODFILE_DIR_PATH}/Podfile.lock",
				"${PODS_ROOT}/Manifest.lock",
			);
			name = "[CP] Check Pods Manifest.lock";
			outputFileListPaths = (
			);
			outputPaths = (
				"$(DERIVED_FILE_DIR)/Pods-FirebaseLED-checkManifestLockResult.txt",
			);
			runOnlyForDeploymentPostprocessing = 0;
			shellPath = /bin/sh;
			shellScript = "diff \"${PODS_PODFILE_DIR_PATH}/Podfile.lock\" \"${PODS_ROOT}/Manifest.lock\" > /dev/null\nif [ $? != 0 ] ; then\n    # print error to STDERR\n    echo \"error: The sandbox is not in sync with the Podfile.lock. Run 'pod install' or update your CocoaPods installation.\" >&2\n    exit 1\nfi\n# This output is used by Xcode 'outputs' to avoid re-running this script phase.\necho \"SUCCESS\" > \"${SCRIPT_OUTPUT_FILE_0}\"\n";
			showEnvVarsInLog = 0;
		};
		FC7B355BAAADFEA9F90C606E /* [CP] Embed Pods Frameworks */ = {
			isa = PBXShellScriptBuildPhase;
			buildActionMask = 2147483647;
			files = (
			);
			inputFileListPaths = (
				"${PODS_ROOT}/Target Support Files/Pods-FirebaseLED/Pods-FirebaseLED-frameworks-${CONFIGURATION}-input-files.xcfilelist",
			);
			name = "[CP] Embed Pods Frameworks";
			outputFileListPaths = (
				"${PODS_ROOT}/Target Support Files/Pods-FirebaseLED/Pods-FirebaseLED-frameworks-${CONFIGURATION}-output-files.xcfilelist",
			);
			runOnlyForDeploymentPostprocessing = 0;
			shellPath = /bin/sh;
			shellScript = "\"${PODS_ROOT}/Target Support Files/Pods-FirebaseLED/Pods-FirebaseLED-frameworks.sh\"\n";
			showEnvVarsInLog = 0;
		};
/* End PBXShellScriptBuildPhase section */

/* Begin PBXSourcesBuildPhase section */
		857150C925360A1F00C2B128 /* Sources */ = {
			isa = PBXSourcesBuildPhase;
			buildActionMask = 2147483647;
			files = (
				857150F125360CC900C2B128 /* IntentDef.intentdefinition in Sources */,
				857150D025360A1F00C2B128 /* IntentHandler.swift in Sources */,
				857150F7253611FB00C2B128 /* ViewController.swift in Sources */,
				857150F5253611DC00C2B128 /* Status.swift in Sources */,
			);
			runOnlyForDeploymentPostprocessing = 0;
		};
		857150D225360A1F00C2B128 /* Sources */ = {
			isa = PBXSourcesBuildPhase;
			buildActionMask = 2147483647;
			files = (
				857150F225360CC900C2B128 /* IntentDef.intentdefinition in Sources */,
				857150DB25360A1F00C2B128 /* IntentViewController.swift in Sources */,
				857150F8253611FC00C2B128 /* ViewController.swift in Sources */,
				857150F6253611DD00C2B128 /* Status.swift in Sources */,
			);
			runOnlyForDeploymentPostprocessing = 0;
		};
		8580490924C9EA8A008CDD7C /* Sources */ = {
			isa = PBXSourcesBuildPhase;
			buildActionMask = 2147483647;
			files = (
				8580491524C9EA8A008CDD7C /* ViewController.swift in Sources */,
				857DDDCA2548DFBA009927AF /* ViewControllers.swift in Sources */,
				8580493824C9F23B008CDD7C /* Secrets.swift in Sources */,
				8580494124DBCAFB008CDD7C /* Status.swift in Sources */,
				857150F425360FE100C2B128 /* LightSwitchIntentHandler.swift in Sources */,
				8580491124C9EA8A008CDD7C /* AppDelegate.swift in Sources */,
				857150F025360ACB00C2B128 /* IntentDef.intentdefinition in Sources */,
				8580491B24C9EA8A008CDD7C /* FirebaseLED.xcdatamodeld in Sources */,
				8580491324C9EA8A008CDD7C /* SceneDelegate.swift in Sources */,
				85A9A8C024DC423400419402 /* FirebaseDatabaseService.swift in Sources */,
			);
			runOnlyForDeploymentPostprocessing = 0;
		};
		8580492224C9EA92008CDD7C /* Sources */ = {
			isa = PBXSourcesBuildPhase;
			buildActionMask = 2147483647;
			files = (
				8580492B24C9EA92008CDD7C /* FirebaseLEDTests.swift in Sources */,
			);
			runOnlyForDeploymentPostprocessing = 0;
		};
/* End PBXSourcesBuildPhase section */

/* Begin PBXTargetDependency section */
		857150E125360A1F00C2B128 /* PBXTargetDependency */ = {
			isa = PBXTargetDependency;
			target = 857150D525360A1F00C2B128 /* LightIntentUI */;
			targetProxy = 857150E025360A1F00C2B128 /* PBXContainerItemProxy */;
		};
		857150E425360A1F00C2B128 /* PBXTargetDependency */ = {
			isa = PBXTargetDependency;
			target = 857150CC25360A1F00C2B128 /* LightIntent */;
			targetProxy = 857150E325360A1F00C2B128 /* PBXContainerItemProxy */;
		};
		8580492824C9EA92008CDD7C /* PBXTargetDependency */ = {
			isa = PBXTargetDependency;
			target = 8580490C24C9EA8A008CDD7C /* FirebaseLED */;
			targetProxy = 8580492724C9EA92008CDD7C /* PBXContainerItemProxy */;
		};
/* End PBXTargetDependency section */

/* Begin PBXVariantGroup section */
		857150DC25360A1F00C2B128 /* MainInterface.storyboard */ = {
			isa = PBXVariantGroup;
			children = (
				857150DD25360A1F00C2B128 /* Base */,
			);
			name = MainInterface.storyboard;
			sourceTree = "<group>";
		};
		8580491624C9EA8A008CDD7C /* Main.storyboard */ = {
			isa = PBXVariantGroup;
			children = (
				8580491724C9EA8A008CDD7C /* Base */,
			);
			name = Main.storyboard;
			sourceTree = "<group>";
		};
		8580491E24C9EA92008CDD7C /* LaunchScreen.storyboard */ = {
			isa = PBXVariantGroup;
			children = (
				8580491F24C9EA92008CDD7C /* Base */,
			);
			name = LaunchScreen.storyboard;
			sourceTree = "<group>";
		};
/* End PBXVariantGroup section */

/* Begin XCBuildConfiguration section */
		857150E725360A1F00C2B128 /* Debug */ = {
			isa = XCBuildConfiguration;
			buildSettings = {
				CODE_SIGN_STYLE = Automatic;
				DEVELOPMENT_TEAM = 26RHXP32FH;
				INFOPLIST_FILE = LightIntentUI/Info.plist;
				LD_RUNPATH_SEARCH_PATHS = (
					"$(inherited)",
					"@executable_path/Frameworks",
					"@executable_path/../../Frameworks",
				);
				PRODUCT_BUNDLE_IDENTIFIER = practice.FirebaseLED.LightIntentUI;
				PRODUCT_NAME = "$(TARGET_NAME)";
				SKIP_INSTALL = YES;
				SWIFT_VERSION = 5.0;
				TARGETED_DEVICE_FAMILY = "1,2";
			};
			name = Debug;
		};
		857150E825360A1F00C2B128 /* Release */ = {
			isa = XCBuildConfiguration;
			buildSettings = {
				CODE_SIGN_STYLE = Automatic;
				DEVELOPMENT_TEAM = 26RHXP32FH;
				INFOPLIST_FILE = LightIntentUI/Info.plist;
				LD_RUNPATH_SEARCH_PATHS = (
					"$(inherited)",
					"@executable_path/Frameworks",
					"@executable_path/../../Frameworks",
				);
				PRODUCT_BUNDLE_IDENTIFIER = practice.FirebaseLED.LightIntentUI;
				PRODUCT_NAME = "$(TARGET_NAME)";
				SKIP_INSTALL = YES;
				SWIFT_VERSION = 5.0;
				TARGETED_DEVICE_FAMILY = "1,2";
			};
			name = Release;
		};
		857150EA25360A1F00C2B128 /* Debug */ = {
			isa = XCBuildConfiguration;
			buildSettings = {
				CODE_SIGN_STYLE = Automatic;
				DEVELOPMENT_TEAM = 26RHXP32FH;
				INFOPLIST_FILE = LightIntent/Info.plist;
				LD_RUNPATH_SEARCH_PATHS = (
					"$(inherited)",
					"@executable_path/Frameworks",
					"@executable_path/../../Frameworks",
				);
				PRODUCT_BUNDLE_IDENTIFIER = practice.FirebaseLED.LightIntent;
				PRODUCT_NAME = "$(TARGET_NAME)";
				SKIP_INSTALL = YES;
				SWIFT_VERSION = 5.0;
				TARGETED_DEVICE_FAMILY = "1,2";
			};
			name = Debug;
		};
		857150EB25360A1F00C2B128 /* Release */ = {
			isa = XCBuildConfiguration;
			buildSettings = {
				CODE_SIGN_STYLE = Automatic;
				DEVELOPMENT_TEAM = 26RHXP32FH;
				INFOPLIST_FILE = LightIntent/Info.plist;
				LD_RUNPATH_SEARCH_PATHS = (
					"$(inherited)",
					"@executable_path/Frameworks",
					"@executable_path/../../Frameworks",
				);
				PRODUCT_BUNDLE_IDENTIFIER = practice.FirebaseLED.LightIntent;
				PRODUCT_NAME = "$(TARGET_NAME)";
				SKIP_INSTALL = YES;
				SWIFT_VERSION = 5.0;
				TARGETED_DEVICE_FAMILY = "1,2";
			};
			name = Release;
		};
		8580492D24C9EA92008CDD7C /* Debug */ = {
			isa = XCBuildConfiguration;
			buildSettings = {
				ALWAYS_SEARCH_USER_PATHS = NO;
				CLANG_ANALYZER_NONNULL = YES;
				CLANG_ANALYZER_NUMBER_OBJECT_CONVERSION = YES_AGGRESSIVE;
				CLANG_CXX_LANGUAGE_STANDARD = "gnu++14";
				CLANG_CXX_LIBRARY = "libc++";
				CLANG_ENABLE_MODULES = YES;
				CLANG_ENABLE_OBJC_ARC = YES;
				CLANG_ENABLE_OBJC_WEAK = YES;
				CLANG_WARN_BLOCK_CAPTURE_AUTORELEASING = YES;
				CLANG_WARN_BOOL_CONVERSION = YES;
				CLANG_WARN_COMMA = YES;
				CLANG_WARN_CONSTANT_CONVERSION = YES;
				CLANG_WARN_DEPRECATED_OBJC_IMPLEMENTATIONS = YES;
				CLANG_WARN_DIRECT_OBJC_ISA_USAGE = YES_ERROR;
				CLANG_WARN_DOCUMENTATION_COMMENTS = YES;
				CLANG_WARN_EMPTY_BODY = YES;
				CLANG_WARN_ENUM_CONVERSION = YES;
				CLANG_WARN_INFINITE_RECURSION = YES;
				CLANG_WARN_INT_CONVERSION = YES;
				CLANG_WARN_NON_LITERAL_NULL_CONVERSION = YES;
				CLANG_WARN_OBJC_IMPLICIT_RETAIN_SELF = YES;
				CLANG_WARN_OBJC_LITERAL_CONVERSION = YES;
				CLANG_WARN_OBJC_ROOT_CLASS = YES_ERROR;
				CLANG_WARN_RANGE_LOOP_ANALYSIS = YES;
				CLANG_WARN_STRICT_PROTOTYPES = YES;
				CLANG_WARN_SUSPICIOUS_MOVE = YES;
				CLANG_WARN_UNGUARDED_AVAILABILITY = YES_AGGRESSIVE;
				CLANG_WARN_UNREACHABLE_CODE = YES;
				CLANG_WARN__DUPLICATE_METHOD_MATCH = YES;
				COPY_PHASE_STRIP = NO;
				DEBUG_INFORMATION_FORMAT = dwarf;
				ENABLE_STRICT_OBJC_MSGSEND = YES;
				ENABLE_TESTABILITY = YES;
				GCC_C_LANGUAGE_STANDARD = gnu11;
				GCC_DYNAMIC_NO_PIC = NO;
				GCC_NO_COMMON_BLOCKS = YES;
				GCC_OPTIMIZATION_LEVEL = 0;
				GCC_PREPROCESSOR_DEFINITIONS = (
					"DEBUG=1",
					"$(inherited)",
				);
				GCC_WARN_64_TO_32_BIT_CONVERSION = YES;
				GCC_WARN_ABOUT_RETURN_TYPE = YES_ERROR;
				GCC_WARN_UNDECLARED_SELECTOR = YES;
				GCC_WARN_UNINITIALIZED_AUTOS = YES_AGGRESSIVE;
				GCC_WARN_UNUSED_FUNCTION = YES;
				GCC_WARN_UNUSED_VARIABLE = YES;
				IPHONEOS_DEPLOYMENT_TARGET = 13.2;
				MTL_ENABLE_DEBUG_INFO = INCLUDE_SOURCE;
				MTL_FAST_MATH = YES;
				ONLY_ACTIVE_ARCH = YES;
				SDKROOT = iphoneos;
				SWIFT_ACTIVE_COMPILATION_CONDITIONS = DEBUG;
				SWIFT_OPTIMIZATION_LEVEL = "-Onone";
			};
			name = Debug;
		};
		8580492E24C9EA92008CDD7C /* Release */ = {
			isa = XCBuildConfiguration;
			buildSettings = {
				ALWAYS_SEARCH_USER_PATHS = NO;
				CLANG_ANALYZER_NONNULL = YES;
				CLANG_ANALYZER_NUMBER_OBJECT_CONVERSION = YES_AGGRESSIVE;
				CLANG_CXX_LANGUAGE_STANDARD = "gnu++14";
				CLANG_CXX_LIBRARY = "libc++";
				CLANG_ENABLE_MODULES = YES;
				CLANG_ENABLE_OBJC_ARC = YES;
				CLANG_ENABLE_OBJC_WEAK = YES;
				CLANG_WARN_BLOCK_CAPTURE_AUTORELEASING = YES;
				CLANG_WARN_BOOL_CONVERSION = YES;
				CLANG_WARN_COMMA = YES;
				CLANG_WARN_CONSTANT_CONVERSION = YES;
				CLANG_WARN_DEPRECATED_OBJC_IMPLEMENTATIONS = YES;
				CLANG_WARN_DIRECT_OBJC_ISA_USAGE = YES_ERROR;
				CLANG_WARN_DOCUMENTATION_COMMENTS = YES;
				CLANG_WARN_EMPTY_BODY = YES;
				CLANG_WARN_ENUM_CONVERSION = YES;
				CLANG_WARN_INFINITE_RECURSION = YES;
				CLANG_WARN_INT_CONVERSION = YES;
				CLANG_WARN_NON_LITERAL_NULL_CONVERSION = YES;
				CLANG_WARN_OBJC_IMPLICIT_RETAIN_SELF = YES;
				CLANG_WARN_OBJC_LITERAL_CONVERSION = YES;
				CLANG_WARN_OBJC_ROOT_CLASS = YES_ERROR;
				CLANG_WARN_RANGE_LOOP_ANALYSIS = YES;
				CLANG_WARN_STRICT_PROTOTYPES = YES;
				CLANG_WARN_SUSPICIOUS_MOVE = YES;
				CLANG_WARN_UNGUARDED_AVAILABILITY = YES_AGGRESSIVE;
				CLANG_WARN_UNREACHABLE_CODE = YES;
				CLANG_WARN__DUPLICATE_METHOD_MATCH = YES;
				COPY_PHASE_STRIP = NO;
				DEBUG_INFORMATION_FORMAT = "dwarf-with-dsym";
				ENABLE_NS_ASSERTIONS = NO;
				ENABLE_STRICT_OBJC_MSGSEND = YES;
				GCC_C_LANGUAGE_STANDARD = gnu11;
				GCC_NO_COMMON_BLOCKS = YES;
				GCC_WARN_64_TO_32_BIT_CONVERSION = YES;
				GCC_WARN_ABOUT_RETURN_TYPE = YES_ERROR;
				GCC_WARN_UNDECLARED_SELECTOR = YES;
				GCC_WARN_UNINITIALIZED_AUTOS = YES_AGGRESSIVE;
				GCC_WARN_UNUSED_FUNCTION = YES;
				GCC_WARN_UNUSED_VARIABLE = YES;
				IPHONEOS_DEPLOYMENT_TARGET = 13.2;
				MTL_ENABLE_DEBUG_INFO = NO;
				MTL_FAST_MATH = YES;
				SDKROOT = iphoneos;
				SWIFT_COMPILATION_MODE = wholemodule;
				SWIFT_OPTIMIZATION_LEVEL = "-O";
				VALIDATE_PRODUCT = YES;
			};
			name = Release;
		};
		8580493024C9EA92008CDD7C /* Debug */ = {
			isa = XCBuildConfiguration;
			baseConfigurationReference = 05912F95954092F0C8122C82 /* Pods-FirebaseLED.debug.xcconfig */;
			buildSettings = {
				ALWAYS_EMBED_SWIFT_STANDARD_LIBRARIES = YES;
				ASSETCATALOG_COMPILER_APPICON_NAME = AppIcon;
				CODE_SIGN_ENTITLEMENTS = FirebaseLED/FirebaseLED.entitlements;
				CODE_SIGN_STYLE = Automatic;
				DEVELOPMENT_TEAM = 26RHXP32FH;
				INFOPLIST_FILE = FirebaseLED/Info.plist;
				LD_RUNPATH_SEARCH_PATHS = (
					"$(inherited)",
					"@executable_path/Frameworks",
				);
				PRODUCT_BUNDLE_IDENTIFIER = practice.FirebaseLED;
				PRODUCT_NAME = "$(TARGET_NAME)";
				SWIFT_VERSION = 5.0;
				TARGETED_DEVICE_FAMILY = "1,2";
			};
			name = Debug;
		};
		8580493124C9EA92008CDD7C /* Release */ = {
			isa = XCBuildConfiguration;
			baseConfigurationReference = 0F56088436FBF0EDDF73C489 /* Pods-FirebaseLED.release.xcconfig */;
			buildSettings = {
				ALWAYS_EMBED_SWIFT_STANDARD_LIBRARIES = YES;
				ASSETCATALOG_COMPILER_APPICON_NAME = AppIcon;
				CODE_SIGN_ENTITLEMENTS = FirebaseLED/FirebaseLED.entitlements;
				CODE_SIGN_STYLE = Automatic;
				DEVELOPMENT_TEAM = 26RHXP32FH;
				INFOPLIST_FILE = FirebaseLED/Info.plist;
				LD_RUNPATH_SEARCH_PATHS = (
					"$(inherited)",
					"@executable_path/Frameworks",
				);
				PRODUCT_BUNDLE_IDENTIFIER = practice.FirebaseLED;
				PRODUCT_NAME = "$(TARGET_NAME)";
				SWIFT_VERSION = 5.0;
				TARGETED_DEVICE_FAMILY = "1,2";
			};
			name = Release;
		};
		8580493324C9EA92008CDD7C /* Debug */ = {
			isa = XCBuildConfiguration;
			baseConfigurationReference = 8DFCA57D5207F00F9F983817 /* Pods-FirebaseLEDTests.debug.xcconfig */;
			buildSettings = {
				ALWAYS_EMBED_SWIFT_STANDARD_LIBRARIES = YES;
				BUNDLE_LOADER = "$(TEST_HOST)";
				CODE_SIGN_STYLE = Automatic;
				INFOPLIST_FILE = FirebaseLEDTests/Info.plist;
				IPHONEOS_DEPLOYMENT_TARGET = 13.2;
				LD_RUNPATH_SEARCH_PATHS = (
					"$(inherited)",
					"@executable_path/Frameworks",
					"@loader_path/Frameworks",
				);
				PRODUCT_BUNDLE_IDENTIFIER = practice.FirebaseLEDTests;
				PRODUCT_NAME = "$(TARGET_NAME)";
				SWIFT_VERSION = 5.0;
				TARGETED_DEVICE_FAMILY = "1,2";
				TEST_HOST = "$(BUILT_PRODUCTS_DIR)/FirebaseLED.app/FirebaseLED";
			};
			name = Debug;
		};
		8580493424C9EA92008CDD7C /* Release */ = {
			isa = XCBuildConfiguration;
			baseConfigurationReference = 31D43AE298B035279832F4D9 /* Pods-FirebaseLEDTests.release.xcconfig */;
			buildSettings = {
				ALWAYS_EMBED_SWIFT_STANDARD_LIBRARIES = YES;
				BUNDLE_LOADER = "$(TEST_HOST)";
				CODE_SIGN_STYLE = Automatic;
				INFOPLIST_FILE = FirebaseLEDTests/Info.plist;
				IPHONEOS_DEPLOYMENT_TARGET = 13.2;
				LD_RUNPATH_SEARCH_PATHS = (
					"$(inherited)",
					"@executable_path/Frameworks",
					"@loader_path/Frameworks",
				);
				PRODUCT_BUNDLE_IDENTIFIER = practice.FirebaseLEDTests;
				PRODUCT_NAME = "$(TARGET_NAME)";
				SWIFT_VERSION = 5.0;
				TARGETED_DEVICE_FAMILY = "1,2";
				TEST_HOST = "$(BUILT_PRODUCTS_DIR)/FirebaseLED.app/FirebaseLED";
			};
			name = Release;
		};
/* End XCBuildConfiguration section */

/* Begin XCConfigurationList section */
		857150E625360A1F00C2B128 /* Build configuration list for PBXNativeTarget "LightIntentUI" */ = {
			isa = XCConfigurationList;
			buildConfigurations = (
				857150E725360A1F00C2B128 /* Debug */,
				857150E825360A1F00C2B128 /* Release */,
			);
			defaultConfigurationIsVisible = 0;
			defaultConfigurationName = Release;
		};
		857150E925360A1F00C2B128 /* Build configuration list for PBXNativeTarget "LightIntent" */ = {
			isa = XCConfigurationList;
			buildConfigurations = (
				857150EA25360A1F00C2B128 /* Debug */,
				857150EB25360A1F00C2B128 /* Release */,
			);
			defaultConfigurationIsVisible = 0;
			defaultConfigurationName = Release;
		};
		8580490824C9EA8A008CDD7C /* Build configuration list for PBXProject "FirebaseLED" */ = {
			isa = XCConfigurationList;
			buildConfigurations = (
				8580492D24C9EA92008CDD7C /* Debug */,
				8580492E24C9EA92008CDD7C /* Release */,
			);
			defaultConfigurationIsVisible = 0;
			defaultConfigurationName = Release;
		};
		8580492F24C9EA92008CDD7C /* Build configuration list for PBXNativeTarget "FirebaseLED" */ = {
			isa = XCConfigurationList;
			buildConfigurations = (
				8580493024C9EA92008CDD7C /* Debug */,
				8580493124C9EA92008CDD7C /* Release */,
			);
			defaultConfigurationIsVisible = 0;
			defaultConfigurationName = Release;
		};
		8580493224C9EA92008CDD7C /* Build configuration list for PBXNativeTarget "FirebaseLEDTests" */ = {
			isa = XCConfigurationList;
			buildConfigurations = (
				8580493324C9EA92008CDD7C /* Debug */,
				8580493424C9EA92008CDD7C /* Release */,
			);
			defaultConfigurationIsVisible = 0;
			defaultConfigurationName = Release;
		};
/* End XCConfigurationList section */

/* Begin XCVersionGroup section */
		8580491924C9EA8A008CDD7C /* FirebaseLED.xcdatamodeld */ = {
			isa = XCVersionGroup;
			children = (
				8580491A24C9EA8A008CDD7C /* FirebaseLED.xcdatamodel */,
			);
			currentVersion = 8580491A24C9EA8A008CDD7C /* FirebaseLED.xcdatamodel */;
			path = FirebaseLED.xcdatamodeld;
			sourceTree = "<group>";
			versionGroupType = wrapper.xcdatamodel;
		};
/* End XCVersionGroup section */
	};
	rootObject = 8580490524C9EA8A008CDD7C /* Project object */;
}
